{
  "requires": true,
  "lockfileVersion": 1,
  "dependencies": {
    "vue-awesome-swiper": {
      "version": "4.1.1",
      "resolved": "https://registry.npmjs.org/vue-awesome-swiper/-/vue-awesome-swiper-4.1.1.tgz",
      "integrity": "sha512-50um10t6N+lJaORkpwSi1wWuMmBI1sgFc9Znsi5oUykw2cO5DzLaBHcO2JNX21R+Ue4TGoIJDhhxjBHtkFrTEQ=="
    }
  }
}
